
Microsoft Visual Studio Solution File, Format Version 12.00
# Visual Studio Version 17
VisualStudioVersion = 17.13.35825.156 d17.13
MinimumVisualStudioVersion = 10.0.40219.1
Project("{FAE04EC0-301F-11D3-BF4B-00C04F79EFBC}") = "News", "News\News.csproj", "{2CD99711-92C1-46CB-ABED-ED868AC12FCA}"
EndProject
Global
	GlobalSection(SolutionConfigurationPlatforms) = preSolution
		Debug|Any CPU = Debug|Any CPU
		Release|Any CPU = Release|Any CPU
	EndGlobalSection
	GlobalSection(ProjectConfigurationPlatforms) = postSolution
		{2CD99711-92C1-46CB-ABED-ED868AC12FCA}.Debug|Any CPU.ActiveCfg = Debug|Any CPU
		{2CD99711-92C1-46CB-ABED-ED868AC12FCA}.Debug|Any CPU.Build.0 = Debug|Any CPU
		{2CD99711-92C1-46CB-ABED-ED868AC12FCA}.Release|Any CPU.ActiveCfg = Release|Any CPU
		{2CD99711-92C1-46CB-ABED-ED868AC12FCA}.Release|Any CPU.Build.0 = Release|Any CPU
	EndGlobalSection
	GlobalSection(SolutionProperties) = preSolution
		HideSolutionNode = FALSE
	EndGlobalSection
	GlobalSection(ExtensibilityGlobals) = postSolution
		SolutionGuid = {66EDF968-57D7-4D01-85C6-B2EF0431CEEF}
	EndGlobalSection
EndGlobal
